{
	"name": "ibm-q-studio",
	"version": "0.0.1",
	"lockfileVersion": 1,
	"requires": true,
	"dependencies": {
		"@types/mocha": {
			"version": "2.2.48",
			"resolved": "https://registry.npmjs.org/@types/mocha/-/mocha-2.2.48.tgz",
			"integrity": "sha512-nlK/iyETgafGli8Zh9zJVCTicvU3iajSkRwOh3Hhiva598CMqNJ4NcVCGMTGKpGpTYj/9R8RLzS9NAykSSCqGw==",
			"dev": true
		},
		"@types/node": {
			"version": "7.0.55",
			"resolved": "https://registry.npmjs.org/@types/node/-/node-7.0.55.tgz",
			"integrity": "sha512-diCxfWNT4g2UM9Y+BPgy4s3egcZ2qOXc0mXLauvbsBUq9SBKQfh0SmuEUEhJVFZt/p6UDsjg1s2EgfM6OSlp4g==",
			"dev": true
		},
		"typescript": {
			"version": "2.7.2",
			"resolved": "https://registry.npmjs.org/typescript/-/typescript-2.7.2.tgz",
			"integrity": "sha512-p5TCYZDAO0m4G344hD+wx/LATebLWZNkkh2asWUFqSsD2OrDNhbAHuSjobrmsUmdzjJjEeZVU9g1h3O6vpstnw==",
			"dev": true
		}
	}
}
